
Microsoft Visual Studio Solution File, Format Version 12.00
# Visual Studio Version 17
VisualStudioVersion = 17.7.34031.279
MinimumVisualStudioVersion = 10.0.40219.1
Project("{FAE04EC0-301F-11D3-BF4B-00C04F79EFBC}") = "Adverts", "Adverts\Adverts.csproj", "{9AF36444-08E8-4AC8-B7B0-D2A25927CB40}"
EndProject
Project("{FAE04EC0-301F-11D3-BF4B-00C04F79EFBC}") = "Subscribers", "Subscribers\Subscribers.csproj", "{5D5C0184-7BB8-449A-9B85-6E9FA45924A8}"
EndProject
Global
	GlobalSection(SolutionConfigurationPlatforms) = preSolution
		Debug|Any CPU = Debug|Any CPU
		Release|Any CPU = Release|Any CPU
	EndGlobalSection
	GlobalSection(ProjectConfigurationPlatforms) = postSolution
		{9AF36444-08E8-4AC8-B7B0-D2A25927CB40}.Debug|Any CPU.ActiveCfg = Debug|Any CPU
		{9AF36444-08E8-4AC8-B7B0-D2A25927CB40}.Debug|Any CPU.Build.0 = Debug|Any CPU
		{9AF36444-08E8-4AC8-B7B0-D2A25927CB40}.Release|Any CPU.ActiveCfg = Release|Any CPU
		{9AF36444-08E8-4AC8-B7B0-D2A25927CB40}.Release|Any CPU.Build.0 = Release|Any CPU
		{5D5C0184-7BB8-449A-9B85-6E9FA45924A8}.Debug|Any CPU.ActiveCfg = Debug|Any CPU
		{5D5C0184-7BB8-449A-9B85-6E9FA45924A8}.Debug|Any CPU.Build.0 = Debug|Any CPU
		{5D5C0184-7BB8-449A-9B85-6E9FA45924A8}.Release|Any CPU.ActiveCfg = Release|Any CPU
		{5D5C0184-7BB8-449A-9B85-6E9FA45924A8}.Release|Any CPU.Build.0 = Release|Any CPU
	EndGlobalSection
	GlobalSection(SolutionProperties) = preSolution
		HideSolutionNode = FALSE
	EndGlobalSection
	GlobalSection(ExtensibilityGlobals) = postSolution
		SolutionGuid = {D0D62818-8394-41AB-B7A0-DACF54F09FB7}
	EndGlobalSection
EndGlobal
